<?xml version="1.0" encoding="utf-8"?>
<Project ToolsVersion="4.0" xmlns="http://schemas.microsoft.com/developer/msbuild/2003">
  <ItemGroup>
    <Filter Include="Source Files">
      <UniqueIdentifier>{4FC737F1-C7A5-4376-A066-2A32D752A2FF}</UniqueIdentifier>
      <Extensions>cpp;c;cc;cxx;c++;cppm;ixx;def;odl;idl;hpj;bat;asm;asmx</Extensions>
    </Filter>
    <Filter Include="Resources">
      <UniqueIdentifier>{ba34a63c-70af-4b4b-864b-d445b17ca8d5}</UniqueIdentifier>
    </Filter>
    <Filter Include="Resources\JsonFiles">
      <UniqueIdentifier>{7be808b4-6daf-468b-8af5-7d6f108c412f}</UniqueIdentifier>
    </Filter>
    <Filter Include="Resources\xmlFiles">
      <UniqueIdentifier>{4aa90c43-5f51-412c-9851-719131aafa92}</UniqueIdentifier>
    </Filter>
    <Filter Include="Resources\Header Files">
      <UniqueIdentifier>{93995380-89BD-4b04-88EB-625FBE52EBFB}</UniqueIdentifier>
      <Extensions>h;hh;hpp;hxx;h++;hm;inl;inc;ipp;xsd</Extensions>
    </Filter>
  </ItemGroup>
  <ItemGroup>
    <ClCompile Include="Source.cpp">
      <Filter>Source Files</Filter>
    </ClCompile>
    <ClCompile Include="Helpers.cpp">
      <Filter>Source Files</Filter>
    </ClCompile>
    <ClCompile Include="XmlClass.h">
      <Filter>Resources\Header Files</Filter>
    </ClCompile>
  </ItemGroup>
  <ItemGroup>
    <ClInclude Include="JsonClass.h">
      <Filter>Resources\Header Files</Filter>
    </ClInclude>
    <ClInclude Include="SMclass.h">
      <Filter>Resources\Header Files</Filter>
    </ClInclude>
    <ClInclude Include="Helpers.h">
      <Filter>Resources\Header Files</Filter>
    </ClInclude>
  </ItemGroup>
  <ItemGroup>
    <None Include="Jsonfiles\female_accessories.json">
      <Filter>Resources\JsonFiles</Filter>
    </None>
    <None Include="Jsonfiles\female_hair.json">
      <Filter>Resources\JsonFiles</Filter>
    </None>
    <None Include="Jsonfiles\female_legs.json">
      <Filter>Resources\JsonFiles</Filter>
    </None>
    <None Include="Jsonfiles\female_shoes.json">
      <Filter>Resources\JsonFiles</Filter>
    </None>
    <None Include="Jsonfiles\female_tops.json">
      <Filter>Resources\JsonFiles</Filter>
    </None>
    <None Include="Jsonfiles\female_torsos.json">
      <Filter>Resources\JsonFiles</Filter>
    </None>
    <None Include="Jsonfiles\female_undershirts.json">
      <Filter>Resources\JsonFiles</Filter>
    </None>
    <None Include="Jsonfiles\male_accessories.json">
      <Filter>Resources\JsonFiles</Filter>
    </None>
    <None Include="Jsonfiles\male_hair.json">
      <Filter>Resources\JsonFiles</Filter>
    </None>
    <None Include="Jsonfiles\male_legs.json">
      <Filter>Resources\JsonFiles</Filter>
    </None>
    <None Include="Jsonfiles\male_shoes.json">
      <Filter>Resources\JsonFiles</Filter>
    </None>
    <None Include="Jsonfiles\male_tops.json">
      <Filter>Resources\JsonFiles</Filter>
    </None>
    <None Include="Jsonfiles\male_torsos.json">
      <Filter>Resources\JsonFiles</Filter>
    </None>
    <None Include="Jsonfiles\male_undershirts.json">
      <Filter>Resources\JsonFiles</Filter>
    </None>
    <None Include="Jsonfiles\masks.json">
      <Filter>Resources\JsonFiles</Filter>
    </None>
    <None Include="Jsonfiles\props_female_bracelets.json">
      <Filter>Resources\JsonFiles</Filter>
    </None>
    <None Include="Jsonfiles\props_female_ears.json">
      <Filter>Resources\JsonFiles</Filter>
    </None>
    <None Include="Jsonfiles\props_female_glasses.json">
      <Filter>Resources\JsonFiles</Filter>
    </None>
    <None Include="Jsonfiles\props_female_hats.json">
      <Filter>Resources\JsonFiles</Filter>
    </None>
    <None Include="Jsonfiles\props_female_watches.json">
      <Filter>Resources\JsonFiles</Filter>
    </None>
    <None Include="Jsonfiles\props_male_bracelets.json">
      <Filter>Resources\JsonFiles</Filter>
    </None>
    <None Include="Jsonfiles\props_male_ears.json">
      <Filter>Resources\JsonFiles</Filter>
    </None>
    <None Include="Jsonfiles\props_male_glasses.json">
      <Filter>Resources\JsonFiles</Filter>
    </None>
    <None Include="Jsonfiles\props_male_hats.json">
      <Filter>Resources\JsonFiles</Filter>
    </None>
    <None Include="Jsonfiles\props_male_watches.json">
      <Filter>Resources\JsonFiles</Filter>
    </None>
    <None Include="xmlfiles\mp_f_freemode_01_airraces_shop.meta">
      <Filter>Resources\xmlFiles</Filter>
    </None>
    <None Include="xmlfiles\mp_f_freemode_01_assault_shop.meta">
      <Filter>Resources\xmlFiles</Filter>
    </None>
    <None Include="xmlfiles\mp_f_freemode_01_beach_shop.meta">
      <Filter>Resources\xmlFiles</Filter>
    </None>
    <None Include="xmlfiles\mp_f_freemode_01_biker_shop.meta">
      <Filter>Resources\xmlFiles</Filter>
    </None>
    <None Include="xmlfiles\mp_f_freemode_01_business_shop.meta">
      <Filter>Resources\xmlFiles</Filter>
    </None>
    <None Include="xmlfiles\mp_f_freemode_01_business2_shop.meta">
      <Filter>Resources\xmlFiles</Filter>
    </None>
    <None Include="xmlfiles\mp_f_freemode_01_christmas2017_shop.meta">
      <Filter>Resources\xmlFiles</Filter>
    </None>
    <None Include="xmlfiles\mp_f_freemode_01_executive_shop.meta">
      <Filter>Resources\xmlFiles</Filter>
    </None>
    <None Include="xmlfiles\mp_f_freemode_01_gunrunning_shop.meta">
      <Filter>Resources\xmlFiles</Filter>
    </None>
    <None Include="xmlfiles\mp_f_freemode_01_halloween_shop.meta">
      <Filter>Resources\xmlFiles</Filter>
    </None>
    <None Include="xmlfiles\mp_f_freemode_01_heist_shop.meta">
      <Filter>Resources\xmlFiles</Filter>
    </None>
    <None Include="xmlfiles\mp_f_freemode_01_hipster_shop.meta">
      <Filter>Resources\xmlFiles</Filter>
    </None>
    <None Include="xmlfiles\mp_f_freemode_01_impexp_shop.meta">
      <Filter>Resources\xmlFiles</Filter>
    </None>
    <None Include="xmlfiles\mp_f_freemode_01_independence_shop.meta">
      <Filter>Resources\xmlFiles</Filter>
    </None>
    <None Include="xmlfiles\mp_f_freemode_01_lowrider_shop.meta">
      <Filter>Resources\xmlFiles</Filter>
    </None>
    <None Include="xmlfiles\mp_f_freemode_01_lowrider2_shop.meta">
      <Filter>Resources\xmlFiles</Filter>
    </None>
    <None Include="xmlfiles\mp_f_freemode_01_luxe_shop.meta">
      <Filter>Resources\xmlFiles</Filter>
    </None>
    <None Include="xmlfiles\mp_f_freemode_01_luxe2_shop.meta">
      <Filter>Resources\xmlFiles</Filter>
    </None>
    <None Include="xmlfiles\mp_f_freemode_01_mpbattle_shop.meta">
      <Filter>Resources\xmlFiles</Filter>
    </None>
    <None Include="xmlfiles\mp_f_freemode_01_mpchristmas2018_shop.meta">
      <Filter>Resources\xmlFiles</Filter>
    </None>
    <None Include="xmlfiles\mp_f_freemode_01_mpheist3_shop.meta">
      <Filter>Resources\xmlFiles</Filter>
    </None>
    <None Include="xmlfiles\mp_f_freemode_01_mpheist4_shop.meta">
      <Filter>Resources\xmlFiles</Filter>
    </None>
    <None Include="xmlfiles\mp_f_freemode_01_mplts_shop.meta">
      <Filter>Resources\xmlFiles</Filter>
    </None>
    <None Include="xmlfiles\mp_f_freemode_01_mpsecurity_shop.meta">
      <Filter>Resources\xmlFiles</Filter>
    </None>
    <None Include="xmlfiles\mp_f_freemode_01_mpsum_shop.meta">
      <Filter>Resources\xmlFiles</Filter>
    </None>
    <None Include="xmlfiles\mp_f_freemode_01_mptuner_shop.meta">
      <Filter>Resources\xmlFiles</Filter>
    </None>
    <None Include="xmlfiles\mp_f_freemode_01_mpvinewood_shop.meta">
      <Filter>Resources\xmlFiles</Filter>
    </None>
    <None Include="xmlfiles\mp_f_freemode_01_pilot_shop.meta">
      <Filter>Resources\xmlFiles</Filter>
    </None>
    <None Include="xmlfiles\mp_f_freemode_01_replay_shop.meta">
      <Filter>Resources\xmlFiles</Filter>
    </None>
    <None Include="xmlfiles\mp_f_freemode_01_smuggler_shop.meta">
      <Filter>Resources\xmlFiles</Filter>
    </None>
    <None Include="xmlfiles\mp_f_freemode_01_stunt_shop.meta">
      <Filter>Resources\xmlFiles</Filter>
    </None>
    <None Include="xmlfiles\mp_f_freemode_01_valentines_shop.meta">
      <Filter>Resources\xmlFiles</Filter>
    </None>
    <None Include="xmlfiles\mp_m_freemode_01_airraces_shop.meta">
      <Filter>Resources\xmlFiles</Filter>
    </None>
    <None Include="xmlfiles\mp_m_freemode_01_assault_shop.meta">
      <Filter>Resources\xmlFiles</Filter>
    </None>
    <None Include="xmlfiles\mp_m_freemode_01_beach_shop.meta">
      <Filter>Resources\xmlFiles</Filter>
    </None>
    <None Include="xmlfiles\mp_m_freemode_01_biker_shop.meta">
      <Filter>Resources\xmlFiles</Filter>
    </None>
    <None Include="xmlfiles\mp_m_freemode_01_business_shop.meta">
      <Filter>Resources\xmlFiles</Filter>
    </None>
    <None Include="xmlfiles\mp_m_freemode_01_business2_shop.meta">
      <Filter>Resources\xmlFiles</Filter>
    </None>
    <None Include="xmlfiles\mp_m_freemode_01_christmas2017_shop.meta">
      <Filter>Resources\xmlFiles</Filter>
    </None>
    <None Include="xmlfiles\mp_m_freemode_01_executive_shop.meta">
      <Filter>Resources\xmlFiles</Filter>
    </None>
    <None Include="xmlfiles\mp_m_freemode_01_gunrunning_shop.meta">
      <Filter>Resources\xmlFiles</Filter>
    </None>
    <None Include="xmlfiles\mp_m_freemode_01_halloween_shop.meta">
      <Filter>Resources\xmlFiles</Filter>
    </None>
    <None Include="xmlfiles\mp_m_freemode_01_heist_shop.meta">
      <Filter>Resources\xmlFiles</Filter>
    </None>
    <None Include="xmlfiles\mp_m_freemode_01_hipster_shop.meta">
      <Filter>Resources\xmlFiles</Filter>
    </None>
    <None Include="xmlfiles\mp_m_freemode_01_impexp_shop.meta">
      <Filter>Resources\xmlFiles</Filter>
    </None>
    <None Include="xmlfiles\mp_m_freemode_01_independence_shop.meta">
      <Filter>Resources\xmlFiles</Filter>
    </None>
    <None Include="xmlfiles\mp_m_freemode_01_lowrider_shop.meta">
      <Filter>Resources\xmlFiles</Filter>
    </None>
    <None Include="xmlfiles\mp_m_freemode_01_lowrider2_shop.meta">
      <Filter>Resources\xmlFiles</Filter>
    </None>
    <None Include="xmlfiles\mp_m_freemode_01_luxe_shop.meta">
      <Filter>Resources\xmlFiles</Filter>
    </None>
    <None Include="xmlfiles\mp_m_freemode_01_luxe2_shop.meta">
      <Filter>Resources\xmlFiles</Filter>
    </None>
    <None Include="xmlfiles\mp_m_freemode_01_mpbattle_shop.meta">
      <Filter>Resources\xmlFiles</Filter>
    </None>
    <None Include="xmlfiles\mp_m_freemode_01_mpchristmas2018_shop.meta">
      <Filter>Resources\xmlFiles</Filter>
    </None>
    <None Include="xmlfiles\mp_m_freemode_01_mpheist3_shop.meta">
      <Filter>Resources\xmlFiles</Filter>
    </None>
    <None Include="xmlfiles\mp_m_freemode_01_mpheist4_shop.meta">
      <Filter>Resources\xmlFiles</Filter>
    </None>
    <None Include="xmlfiles\mp_m_freemode_01_mplts_shop.meta">
      <Filter>Resources\xmlFiles</Filter>
    </None>
    <None Include="xmlfiles\mp_m_freemode_01_mpsecurity_shop.meta">
      <Filter>Resources\xmlFiles</Filter>
    </None>
    <None Include="xmlfiles\mp_m_freemode_01_mpsum_shop.meta">
      <Filter>Resources\xmlFiles</Filter>
    </None>
    <None Include="xmlfiles\mp_m_freemode_01_mptuner_shop.meta">
      <Filter>Resources\xmlFiles</Filter>
    </None>
    <None Include="xmlfiles\mp_m_freemode_01_mpvinewood_shop.meta">
      <Filter>Resources\xmlFiles</Filter>
    </None>
    <None Include="xmlfiles\mp_m_freemode_01_pilot_shop.meta">
      <Filter>Resources\xmlFiles</Filter>
    </None>
    <None Include="xmlfiles\mp_m_freemode_01_replay_shop.meta">
      <Filter>Resources\xmlFiles</Filter>
    </None>
    <None Include="xmlfiles\mp_m_freemode_01_smuggler_shop.meta">
      <Filter>Resources\xmlFiles</Filter>
    </None>
    <None Include="xmlfiles\mp_m_freemode_01_stunt_shop.meta">
      <Filter>Resources\xmlFiles</Filter>
    </None>
    <None Include="xmlfiles\mp_m_freemode_01_valentines_shop.meta">
      <Filter>Resources\xmlFiles</Filter>
    </None>
  </ItemGroup>
</Project>